
Microsoft Visual Studio Solution File, Format Version 12.00
# Visual Studio Version 17
VisualStudioVersion = 17.9.34723.18
MinimumVisualStudioVersion = 10.0.40219.1
Project("{54A90642-561A-4BB1-A94E-469ADEE60C69}") = "movies-project-react", "movies-project-react\movies-project-react.esproj", "{D0AE8332-FDF3-451F-A402-3678DF32134F}"
EndProject
Global
	GlobalSection(SolutionConfigurationPlatforms) = preSolution
		Debug|Any CPU = Debug|Any CPU
		Release|Any CPU = Release|Any CPU
	EndGlobalSection
	GlobalSection(ProjectConfigurationPlatforms) = postSolution
		{D0AE8332-FDF3-451F-A402-3678DF32134F}.Debug|Any CPU.ActiveCfg = Debug|Any CPU
		{D0AE8332-FDF3-451F-A402-3678DF32134F}.Debug|Any CPU.Build.0 = Debug|Any CPU
		{D0AE8332-FDF3-451F-A402-3678DF32134F}.Debug|Any CPU.Deploy.0 = Debug|Any CPU
		{D0AE8332-FDF3-451F-A402-3678DF32134F}.Release|Any CPU.ActiveCfg = Release|Any CPU
		{D0AE8332-FDF3-451F-A402-3678DF32134F}.Release|Any CPU.Build.0 = Release|Any CPU
		{D0AE8332-FDF3-451F-A402-3678DF32134F}.Release|Any CPU.Deploy.0 = Release|Any CPU
	EndGlobalSection
	GlobalSection(SolutionProperties) = preSolution
		HideSolutionNode = FALSE
	EndGlobalSection
	GlobalSection(ExtensibilityGlobals) = postSolution
		SolutionGuid = {55D026DF-2154-433E-AA69-41AE9767FDE6}
	EndGlobalSection
EndGlobal
